// !$*UTF8*$!
{
	archiveVersion = 1;
	classes = {
	};
	objectVersion = 50;
	objects = {

/* Begin PBXBuildFile section */
		3D31A66227D383DB00DA3489 /* AppDelegate.swift in Sources */ = {isa = PBXBuildFile; fileRef = 3D31A66127D383DB00DA3489 /* AppDelegate.swift */; };
		3D31A66427D383DB00DA3489 /* SceneDelegate.swift in Sources */ = {isa = PBXBuildFile; fileRef = 3D31A66327D383DB00DA3489 /* SceneDelegate.swift */; };
		3D31A66627D383DB00DA3489 /* ViewController.swift in Sources */ = {isa = PBXBuildFile; fileRef = 3D31A66527D383DB00DA3489 /* ViewController.swift */; };
		3D31A66927D383DB00DA3489 /* Main.storyboard in Resources */ = {isa = PBXBuildFile; fileRef = 3D31A66727D383DB00DA3489 /* Main.storyboard */; };
		3D31A66C27D383DB00DA3489 /* NewsFeed_iOS.xcdatamodeld in Sources */ = {isa = PBXBuildFile; fileRef = 3D31A66A27D383DB00DA3489 /* NewsFeed_iOS.xcdatamodeld */; };
		3D31A66E27D383DB00DA3489 /* Assets.xcassets in Resources */ = {isa = PBXBuildFile; fileRef = 3D31A66D27D383DB00DA3489 /* Assets.xcassets */; };
		3D31A67127D383DB00DA3489 /* LaunchScreen.storyboard in Resources */ = {isa = PBXBuildFile; fileRef = 3D31A66F27D383DB00DA3489 /* LaunchScreen.storyboard */; };
		3D31A67C27D383DB00DA3489 /* NewsFeed_iOSTests.swift in Sources */ = {isa = PBXBuildFile; fileRef = 3D31A67B27D383DB00DA3489 /* NewsFeed_iOSTests.swift */; };
		3D31A68727D383DB00DA3489 /* NewsFeed_iOSUITests.swift in Sources */ = {isa = PBXBuildFile; fileRef = 3D31A68627D383DB00DA3489 /* NewsFeed_iOSUITests.swift */; };
/* End PBXBuildFile section */

/* Begin PBXContainerItemProxy section */
		3D31A67827D383DB00DA3489 /* PBXContainerItemProxy */ = {
			isa = PBXContainerItemProxy;
			containerPortal = 3D31A65627D383DB00DA3489 /* Project object */;
			proxyType = 1;
			remoteGlobalIDString = 3D31A65D27D383DB00DA3489;
			remoteInfo = "NewsFeed-iOS";
		};
		3D31A68327D383DB00DA3489 /* PBXContainerItemProxy */ = {
			isa = PBXContainerItemProxy;
			containerPortal = 3D31A65627D383DB00DA3489 /* Project object */;
			proxyType = 1;
			remoteGlobalIDString = 3D31A65D27D383DB00DA3489;
			remoteInfo = "NewsFeed-iOS";
		};
/* End PBXContainerItemProxy section */

/* Begin PBXFileReference section */
		3D31A65E27D383DB00DA3489 /* NewsFeed-iOS.app */ = {isa = PBXFileReference; explicitFileType = wrapper.application; includeInIndex = 0; path = "NewsFeed-iOS.app"; sourceTree = BUILT_PRODUCTS_DIR; };
		3D31A66127D383DB00DA3489 /* AppDelegate.swift */ = {isa = PBXFileReference; lastKnownFileType = sourcecode.swift; path = AppDelegate.swift; sourceTree = "<group>"; };
		3D31A66327D383DB00DA3489 /* SceneDelegate.swift */ = {isa = PBXFileReference; lastKnownFileType = sourcecode.swift; path = SceneDelegate.swift; sourceTree = "<group>"; };
		3D31A66527D383DB00DA3489 /* ViewController.swift */ = {isa = PBXFileReference; lastKnownFileType = sourcecode.swift; path = ViewController.swift; sourceTree = "<group>"; };
		3D31A66827D383DB00DA3489 /* Base */ = {isa = PBXFileReference; lastKnownFileType = file.storyboard; name = Base; path = Base.lproj/Main.storyboard; sourceTree = "<group>"; };
		3D31A66B27D383DB00DA3489 /* NewsFeed_iOS.xcdatamodel */ = {isa = PBXFileReference; lastKnownFileType = wrapper.xcdatamodel; path = NewsFeed_iOS.xcdatamodel; sourceTree = "<group>"; };
		3D31A66D27D383DB00DA3489 /* Assets.xcassets */ = {isa = PBXFileReference; lastKnownFileType = folder.assetcatalog; path = Assets.xcassets; sourceTree = "<group>"; };
		3D31A67027D383DB00DA3489 /* Base */ = {isa = PBXFileReference; lastKnownFileType = file.storyboard; name = Base; path = Base.lproj/LaunchScreen.storyboard; sourceTree = "<group>"; };
		3D31A67227D383DB00DA3489 /* Info.plist */ = {isa = PBXFileReference; lastKnownFileType = text.plist.xml; path = Info.plist; sourceTree = "<group>"; };
		3D31A67727D383DB00DA3489 /* NewsFeed-iOSTests.xctest */ = {isa = PBXFileReference; explicitFileType = wrapper.cfbundle; includeInIndex = 0; path = "NewsFeed-iOSTests.xctest"; sourceTree = BUILT_PRODUCTS_DIR; };
		3D31A67B27D383DB00DA3489 /* NewsFeed_iOSTests.swift */ = {isa = PBXFileReference; lastKnownFileType = sourcecode.swift; path = NewsFeed_iOSTests.swift; sourceTree = "<group>"; };
		3D31A67D27D383DB00DA3489 /* Info.plist */ = {isa = PBXFileReference; lastKnownFileType = text.plist.xml; path = Info.plist; sourceTree = "<group>"; };
		3D31A68227D383DB00DA3489 /* NewsFeed-iOSUITests.xctest */ = {isa = PBXFileReference; explicitFileType = wrapper.cfbundle; includeInIndex = 0; path = "NewsFeed-iOSUITests.xctest"; sourceTree = BUILT_PRODUCTS_DIR; };
		3D31A68627D383DB00DA3489 /* NewsFeed_iOSUITests.swift */ = {isa = PBXFileReference; lastKnownFileType = sourcecode.swift; path = NewsFeed_iOSUITests.swift; sourceTree = "<group>"; };
		3D31A68827D383DB00DA3489 /* Info.plist */ = {isa = PBXFileReference; lastKnownFileType = text.plist.xml; path = Info.plist; sourceTree = "<group>"; };
/* End PBXFileReference section */

/* Begin PBXFrameworksBuildPhase section */
		3D31A65B27D383DB00DA3489 /* Frameworks */ = {
			isa = PBXFrameworksBuildPhase;
			buildActionMask = 2147483647;
			files = (
			);
			runOnlyForDeploymentPostprocessing = 0;
		};
		3D31A67427D383DB00DA3489 /* Frameworks */ = {
			isa = PBXFrameworksBuildPhase;
			buildActionMask = 2147483647;
			files = (
			);
			runOnlyForDeploymentPostprocessing = 0;
		};
		3D31A67F27D383DB00DA3489 /* Frameworks */ = {
			isa = PBXFrameworksBuildPhase;
			buildActionMask = 2147483647;
			files = (
			);
			runOnlyForDeploymentPostprocessing = 0;
		};
/* End PBXFrameworksBuildPhase section */

/* Begin PBXGroup section */
		3D31A65527D383DB00DA3489 = {
			isa = PBXGroup;
			children = (
				3D31A66027D383DB00DA3489 /* NewsFeed-iOS */,
				3D31A67A27D383DB00DA3489 /* NewsFeed-iOSTests */,
				3D31A68527D383DB00DA3489 /* NewsFeed-iOSUITests */,
				3D31A65F27D383DB00DA3489 /* Products */,
			);
			sourceTree = "<group>";
		};
		3D31A65F27D383DB00DA3489 /* Products */ = {
			isa = PBXGroup;
			children = (
				3D31A65E27D383DB00DA3489 /* NewsFeed-iOS.app */,
				3D31A67727D383DB00DA3489 /* NewsFeed-iOSTests.xctest */,
				3D31A68227D383DB00DA3489 /* NewsFeed-iOSUITests.xctest */,
			);
			name = Products;
			sourceTree = "<group>";
		};
		3D31A66027D383DB00DA3489 /* NewsFeed-iOS */ = {
			isa = PBXGroup;
			children = (
				3D31A66127D383DB00DA3489 /* AppDelegate.swift */,
				3D31A66327D383DB00DA3489 /* SceneDelegate.swift */,
				3D31A66527D383DB00DA3489 /* ViewController.swift */,
				3D31A66727D383DB00DA3489 /* Main.storyboard */,
				3D31A66D27D383DB00DA3489 /* Assets.xcassets */,
				3D31A66F27D383DB00DA3489 /* LaunchScreen.storyboard */,
				3D31A67227D383DB00DA3489 /* Info.plist */,
				3D31A66A27D383DB00DA3489 /* NewsFeed_iOS.xcdatamodeld */,
			);
			path = "NewsFeed-iOS";
			sourceTree = "<group>";
		};
		3D31A67A27D383DB00DA3489 /* NewsFeed-iOSTests */ = {
			isa = PBXGroup;
			children = (
				3D31A67B27D383DB00DA3489 /* NewsFeed_iOSTests.swift */,
				3D31A67D27D383DB00DA3489 /* Info.plist */,
			);
			path = "NewsFeed-iOSTests";
			sourceTree = "<group>";
		};
		3D31A68527D383DB00DA3489 /* NewsFeed-iOSUITests */ = {
			isa = PBXGroup;
			children = (
				3D31A68627D383DB00DA3489 /* NewsFeed_iOSUITests.swift */,
				3D31A68827D383DB00DA3489 /* Info.plist */,
			);
			path = "NewsFeed-iOSUITests";
			sourceTree = "<group>";
		};
/* End PBXGroup section */

/* Begin PBXNativeTarget section */
		3D31A65D27D383DB00DA3489 /* NewsFeed-iOS */ = {
			isa = PBXNativeTarget;
			buildConfigurationList = 3D31A68B27D383DB00DA3489 /* Build configuration list for PBXNativeTarget "NewsFeed-iOS" */;
			buildPhases = (
				3D31A65A27D383DB00DA3489 /* Sources */,
				3D31A65B27D383DB00DA3489 /* Frameworks */,
				3D31A65C27D383DB00DA3489 /* Resources */,
			);
			buildRules = (
			);
			dependencies = (
			);
			name = "NewsFeed-iOS";
			productName = "NewsFeed-iOS";
			productReference = 3D31A65E27D383DB00DA3489 /* NewsFeed-iOS.app */;
			productType = "com.apple.product-type.application";
		};
		3D31A67627D383DB00DA3489 /* NewsFeed-iOSTests */ = {
			isa = PBXNativeTarget;
			buildConfigurationList = 3D31A68E27D383DB00DA3489 /* Build configuration list for PBXNativeTarget "NewsFeed-iOSTests" */;
			buildPhases = (
				3D31A67327D383DB00DA3489 /* Sources */,
				3D31A67427D383DB00DA3489 /* Frameworks */,
				3D31A67527D383DB00DA3489 /* Resources */,
			);
			buildRules = (
			);
			dependencies = (
				3D31A67927D383DB00DA3489 /* PBXTargetDependency */,
			);
			name = "NewsFeed-iOSTests";
			productName = "NewsFeed-iOSTests";
			productReference = 3D31A67727D383DB00DA3489 /* NewsFeed-iOSTests.xctest */;
			productType = "com.apple.product-type.bundle.unit-test";
		};
		3D31A68127D383DB00DA3489 /* NewsFeed-iOSUITests */ = {
			isa = PBXNativeTarget;
			buildConfigurationList = 3D31A69127D383DB00DA3489 /* Build configuration list for PBXNativeTarget "NewsFeed-iOSUITests" */;
			buildPhases = (
				3D31A67E27D383DB00DA3489 /* Sources */,
				3D31A67F27D383DB00DA3489 /* Frameworks */,
				3D31A68027D383DB00DA3489 /* Resources */,
			);
			buildRules = (
			);
			dependencies = (
				3D31A68427D383DB00DA3489 /* PBXTargetDependency */,
			);
			name = "NewsFeed-iOSUITests";
			productName = "NewsFeed-iOSUITests";
			productReference = 3D31A68227D383DB00DA3489 /* NewsFeed-iOSUITests.xctest */;
			productType = "com.apple.product-type.bundle.ui-testing";
		};
/* End PBXNativeTarget section */

/* Begin PBXProject section */
		3D31A65627D383DB00DA3489 /* Project object */ = {
			isa = PBXProject;
			attributes = {
				LastSwiftUpdateCheck = 1250;
				LastUpgradeCheck = 1250;
				TargetAttributes = {
					3D31A65D27D383DB00DA3489 = {
						CreatedOnToolsVersion = 12.5.1;
					};
					3D31A67627D383DB00DA3489 = {
						CreatedOnToolsVersion = 12.5.1;
						TestTargetID = 3D31A65D27D383DB00DA3489;
					};
					3D31A68127D383DB00DA3489 = {
						CreatedOnToolsVersion = 12.5.1;
						TestTargetID = 3D31A65D27D383DB00DA3489;
					};
				};
			};
			buildConfigurationList = 3D31A65927D383DB00DA3489 /* Build configuration list for PBXProject "NewsFeed-iOS" */;
			compatibilityVersion = "Xcode 9.3";
			developmentRegion = en;
			hasScannedForEncodings = 0;
			knownRegions = (
				en,
				Base,
			);
			mainGroup = 3D31A65527D383DB00DA3489;
			productRefGroup = 3D31A65F27D383DB00DA3489 /* Products */;
			projectDirPath = "";
			projectRoot = "";
			targets = (
				3D31A65D27D383DB00DA3489 /* NewsFeed-iOS */,
				3D31A67627D383DB00DA3489 /* NewsFeed-iOSTests */,
				3D31A68127D383DB00DA3489 /* NewsFeed-iOSUITests */,
			);
		};
/* End PBXProject section */

/* Begin PBXResourcesBuildPhase section */
		3D31A65C27D383DB00DA3489 /* Resources */ = {
			isa = PBXResourcesBuildPhase;
			buildActionMask = 2147483647;
			files = (
				3D31A67127D383DB00DA3489 /* LaunchScreen.storyboard in Resources */,
				3D31A66E27D383DB00DA3489 /* Assets.xcassets in Resources */,
				3D31A66927D383DB00DA3489 /* Main.storyboard in Resources */,
			);
			runOnlyForDeploymentPostprocessing = 0;
		};
		3D31A67527D383DB00DA3489 /* Resources */ = {
			isa = PBXResourcesBuildPhase;
			buildActionMask = 2147483647;
			files = (
			);
			runOnlyForDeploymentPostprocessing = 0;
		};
		3D31A68027D383DB00DA3489 /* Resources */ = {
			isa = PBXResourcesBuildPhase;
			buildActionMask = 2147483647;
			files = (
			);
			runOnlyForDeploymentPostprocessing = 0;
		};
/* End PBXResourcesBuildPhase section */

/* Begin PBXSourcesBuildPhase section */
		3D31A65A27D383DB00DA3489 /* Sources */ = {
			isa = PBXSourcesBuildPhase;
			buildActionMask = 2147483647;
			files = (
				3D31A66C27D383DB00DA3489 /* NewsFeed_iOS.xcdatamodeld in Sources */,
				3D31A66627D383DB00DA3489 /* ViewController.swift in Sources */,
				3D31A66227D383DB00DA3489 /* AppDelegate.swift in Sources */,
				3D31A66427D383DB00DA3489 /* SceneDelegate.swift in Sources */,
			);
			runOnlyForDeploymentPostprocessing = 0;
		};
		3D31A67327D383DB00DA3489 /* Sources */ = {
			isa = PBXSourcesBuildPhase;
			buildActionMask = 2147483647;
			files = (
				3D31A67C27D383DB00DA3489 /* NewsFeed_iOSTests.swift in Sources */,
			);
			runOnlyForDeploymentPostprocessing = 0;
		};
		3D31A67E27D383DB00DA3489 /* Sources */ = {
			isa = PBXSourcesBuildPhase;
			buildActionMask = 2147483647;
			files = (
				3D31A68727D383DB00DA3489 /* NewsFeed_iOSUITests.swift in Sources */,
			);
			runOnlyForDeploymentPostprocessing = 0;
		};
/* End PBXSourcesBuildPhase section */

/* Begin PBXTargetDependency section */
		3D31A67927D383DB00DA3489 /* PBXTargetDependency */ = {
			isa = PBXTargetDependency;
			target = 3D31A65D27D383DB00DA3489 /* NewsFeed-iOS */;
			targetProxy = 3D31A67827D383DB00DA3489 /* PBXContainerItemProxy */;
		};
		3D31A68427D383DB00DA3489 /* PBXTargetDependency */ = {
			isa = PBXTargetDependency;
			target = 3D31A65D27D383DB00DA3489 /* NewsFeed-iOS */;
			targetProxy = 3D31A68327D383DB00DA3489 /* PBXContainerItemProxy */;
		};
/* End PBXTargetDependency section */

/* Begin PBXVariantGroup section */
		3D31A66727D383DB00DA3489 /* Main.storyboard */ = {
			isa = PBXVariantGroup;
			children = (
				3D31A66827D383DB00DA3489 /* Base */,
			);
			name = Main.storyboard;
			sourceTree = "<group>";
		};
		3D31A66F27D383DB00DA3489 /* LaunchScreen.storyboard */ = {
			isa = PBXVariantGroup;
			children = (
				3D31A67027D383DB00DA3489 /* Base */,
			);
			name = LaunchScreen.storyboard;
			sourceTree = "<group>";
		};
/* End PBXVariantGroup section */

/* Begin XCBuildConfiguration section */
		3D31A68927D383DB00DA3489 /* Debug */ = {
			isa = XCBuildConfiguration;
			buildSettings = {
				ALWAYS_SEARCH_USER_PATHS = NO;
				CLANG_ANALYZER_NONNULL = YES;
				CLANG_ANALYZER_NUMBER_OBJECT_CONVERSION = YES_AGGRESSIVE;
				CLANG_CXX_LANGUAGE_STANDARD = "gnu++14";
				CLANG_CXX_LIBRARY = "libc++";
				CLANG_ENABLE_MODULES = YES;
				CLANG_ENABLE_OBJC_ARC = YES;
				CLANG_ENABLE_OBJC_WEAK = YES;
				CLANG_WARN_BLOCK_CAPTURE_AUTORELEASING = YES;
				CLANG_WARN_BOOL_CONVERSION = YES;
				CLANG_WARN_COMMA = YES;
				CLANG_WARN_CONSTANT_CONVERSION = YES;
				CLANG_WARN_DEPRECATED_OBJC_IMPLEMENTATIONS = YES;
				CLANG_WARN_DIRECT_OBJC_ISA_USAGE = YES_ERROR;
				CLANG_WARN_DOCUMENTATION_COMMENTS = YES;
				CLANG_WARN_EMPTY_BODY = YES;
				CLANG_WARN_ENUM_CONVERSION = YES;
				CLANG_WARN_INFINITE_RECURSION = YES;
				CLANG_WARN_INT_CONVERSION = YES;
				CLANG_WARN_NON_LITERAL_NULL_CONVERSION = YES;
				CLANG_WARN_OBJC_IMPLICIT_RETAIN_SELF = YES;
				CLANG_WARN_OBJC_LITERAL_CONVERSION = YES;
				CLANG_WARN_OBJC_ROOT_CLASS = YES_ERROR;
				CLANG_WARN_QUOTED_INCLUDE_IN_FRAMEWORK_HEADER = YES;
				CLANG_WARN_RANGE_LOOP_ANALYSIS = YES;
				CLANG_WARN_STRICT_PROTOTYPES = YES;
				CLANG_WARN_SUSPICIOUS_MOVE = YES;
				CLANG_WARN_UNGUARDED_AVAILABILITY = YES_AGGRESSIVE;
				CLANG_WARN_UNREACHABLE_CODE = YES;
				CLANG_WARN__DUPLICATE_METHOD_MATCH = YES;
				COPY_PHASE_STRIP = NO;
				DEBUG_INFORMATION_FORMAT = dwarf;
				ENABLE_STRICT_OBJC_MSGSEND = YES;
				ENABLE_TESTABILITY = YES;
				GCC_C_LANGUAGE_STANDARD = gnu11;
				GCC_DYNAMIC_NO_PIC = NO;
				GCC_NO_COMMON_BLOCKS = YES;
				GCC_OPTIMIZATION_LEVEL = 0;
				GCC_PREPROCESSOR_DEFINITIONS = (
					"DEBUG=1",
					"$(inherited)",
				);
				GCC_WARN_64_TO_32_BIT_CONVERSION = YES;
				GCC_WARN_ABOUT_RETURN_TYPE = YES_ERROR;
				GCC_WARN_UNDECLARED_SELECTOR = YES;
				GCC_WARN_UNINITIALIZED_AUTOS = YES_AGGRESSIVE;
				GCC_WARN_UNUSED_FUNCTION = YES;
				GCC_WARN_UNUSED_VARIABLE = YES;
				IPHONEOS_DEPLOYMENT_TARGET = 14.5;
				MTL_ENABLE_DEBUG_INFO = INCLUDE_SOURCE;
				MTL_FAST_MATH = YES;
				ONLY_ACTIVE_ARCH = YES;
				SDKROOT = iphoneos;
				SWIFT_ACTIVE_COMPILATION_CONDITIONS = DEBUG;
				SWIFT_OPTIMIZATION_LEVEL = "-Onone";
			};
			name = Debug;
		};
		3D31A68A27D383DB00DA3489 /* Release */ = {
			isa = XCBuildConfiguration;
			buildSettings = {
				ALWAYS_SEARCH_USER_PATHS = NO;
				CLANG_ANALYZER_NONNULL = YES;
				CLANG_ANALYZER_NUMBER_OBJECT_CONVERSION = YES_AGGRESSIVE;
				CLANG_CXX_LANGUAGE_STANDARD = "gnu++14";
				CLANG_CXX_LIBRARY = "libc++";
				CLANG_ENABLE_MODULES = YES;
				CLANG_ENABLE_OBJC_ARC = YES;
				CLANG_ENABLE_OBJC_WEAK = YES;
				CLANG_WARN_BLOCK_CAPTURE_AUTORELEASING = YES;
				CLANG_WARN_BOOL_CONVERSION = YES;
				CLANG_WARN_COMMA = YES;
				CLANG_WARN_CONSTANT_CONVERSION = YES;
				CLANG_WARN_DEPRECATED_OBJC_IMPLEMENTATIONS = YES;
				CLANG_WARN_DIRECT_OBJC_ISA_USAGE = YES_ERROR;
				CLANG_WARN_DOCUMENTATION_COMMENTS = YES;
				CLANG_WARN_EMPTY_BODY = YES;
				CLANG_WARN_ENUM_CONVERSION = YES;
				CLANG_WARN_INFINITE_RECURSION = YES;
				CLANG_WARN_INT_CONVERSION = YES;
				CLANG_WARN_NON_LITERAL_NULL_CONVERSION = YES;
				CLANG_WARN_OBJC_IMPLICIT_RETAIN_SELF = YES;
				CLANG_WARN_OBJC_LITERAL_CONVERSION = YES;
				CLANG_WARN_OBJC_ROOT_CLASS = YES_ERROR;
				CLANG_WARN_QUOTED_INCLUDE_IN_FRAMEWORK_HEADER = YES;
				CLANG_WARN_RANGE_LOOP_ANALYSIS = YES;
				CLANG_WARN_STRICT_PROTOTYPES = YES;
				CLANG_WARN_SUSPICIOUS_MOVE = YES;
				CLANG_WARN_UNGUARDED_AVAILABILITY = YES_AGGRESSIVE;
				CLANG_WARN_UNREACHABLE_CODE = YES;
				CLANG_WARN__DUPLICATE_METHOD_MATCH = YES;
				COPY_PHASE_STRIP = NO;
				DEBUG_INFORMATION_FORMAT = "dwarf-with-dsym";
				ENABLE_NS_ASSERTIONS = NO;
				ENABLE_STRICT_OBJC_MSGSEND = YES;
				GCC_C_LANGUAGE_STANDARD = gnu11;
				GCC_NO_COMMON_BLOCKS = YES;
				GCC_WARN_64_TO_32_BIT_CONVERSION = YES;
				GCC_WARN_ABOUT_RETURN_TYPE = YES_ERROR;
				GCC_WARN_UNDECLARED_SELECTOR = YES;
				GCC_WARN_UNINITIALIZED_AUTOS = YES_AGGRESSIVE;
				GCC_WARN_UNUSED_FUNCTION = YES;
				GCC_WARN_UNUSED_VARIABLE = YES;
				IPHONEOS_DEPLOYMENT_TARGET = 14.5;
				MTL_ENABLE_DEBUG_INFO = NO;
				MTL_FAST_MATH = YES;
				SDKROOT = iphoneos;
				SWIFT_COMPILATION_MODE = wholemodule;
				SWIFT_OPTIMIZATION_LEVEL = "-O";
				VALIDATE_PRODUCT = YES;
			};
			name = Release;
		};
		3D31A68C27D383DB00DA3489 /* Debug */ = {
			isa = XCBuildConfiguration;
			buildSettings = {
				ASSETCATALOG_COMPILER_APPICON_NAME = AppIcon;
				ASSETCATALOG_COMPILER_GLOBAL_ACCENT_COLOR_NAME = AccentColor;
				CODE_SIGN_STYLE = Automatic;
				INFOPLIST_FILE = "NewsFeed-iOS/Info.plist";
				LD_RUNPATH_SEARCH_PATHS = (
					"$(inherited)",
					"@executable_path/Frameworks",
				);
				PRODUCT_BUNDLE_IDENTIFIER = "com.nl.newsfeed.NewsFeed-iOS";
				PRODUCT_NAME = "$(TARGET_NAME)";
				SWIFT_VERSION = 5.0;
				TARGETED_DEVICE_FAMILY = "1,2";
			};
			name = Debug;
		};
		3D31A68D27D383DB00DA3489 /* Release */ = {
			isa = XCBuildConfiguration;
			buildSettings = {
				ASSETCATALOG_COMPILER_APPICON_NAME = AppIcon;
				ASSETCATALOG_COMPILER_GLOBAL_ACCENT_COLOR_NAME = AccentColor;
				CODE_SIGN_STYLE = Automatic;
				INFOPLIST_FILE = "NewsFeed-iOS/Info.plist";
				LD_RUNPATH_SEARCH_PATHS = (
					"$(inherited)",
					"@executable_path/Frameworks",
				);
				PRODUCT_BUNDLE_IDENTIFIER = "com.nl.newsfeed.NewsFeed-iOS";
				PRODUCT_NAME = "$(TARGET_NAME)";
				SWIFT_VERSION = 5.0;
				TARGETED_DEVICE_FAMILY = "1,2";
			};
			name = Release;
		};
		3D31A68F27D383DB00DA3489 /* Debug */ = {
			isa = XCBuildConfiguration;
			buildSettings = {
				ALWAYS_EMBED_SWIFT_STANDARD_LIBRARIES = YES;
				BUNDLE_LOADER = "$(TEST_HOST)";
				CODE_SIGN_STYLE = Automatic;
				INFOPLIST_FILE = "NewsFeed-iOSTests/Info.plist";
				IPHONEOS_DEPLOYMENT_TARGET = 14.5;
				LD_RUNPATH_SEARCH_PATHS = (
					"$(inherited)",
					"@executable_path/Frameworks",
					"@loader_path/Frameworks",
				);
				PRODUCT_BUNDLE_IDENTIFIER = "com.nl.newsfeed.NewsFeed-iOSTests";
				PRODUCT_NAME = "$(TARGET_NAME)";
				SWIFT_VERSION = 5.0;
				TARGETED_DEVICE_FAMILY = "1,2";
				TEST_HOST = "$(BUILT_PRODUCTS_DIR)/NewsFeed-iOS.app/NewsFeed-iOS";
			};
			name = Debug;
		};
		3D31A69027D383DB00DA3489 /* Release */ = {
			isa = XCBuildConfiguration;
			buildSettings = {
				ALWAYS_EMBED_SWIFT_STANDARD_LIBRARIES = YES;
				BUNDLE_LOADER = "$(TEST_HOST)";
				CODE_SIGN_STYLE = Automatic;
				INFOPLIST_FILE = "NewsFeed-iOSTests/Info.plist";
				IPHONEOS_DEPLOYMENT_TARGET = 14.5;
				LD_RUNPATH_SEARCH_PATHS = (
					"$(inherited)",
					"@executable_path/Frameworks",
					"@loader_path/Frameworks",
				);
				PRODUCT_BUNDLE_IDENTIFIER = "com.nl.newsfeed.NewsFeed-iOSTests";
				PRODUCT_NAME = "$(TARGET_NAME)";
				SWIFT_VERSION = 5.0;
				TARGETED_DEVICE_FAMILY = "1,2";
				TEST_HOST = "$(BUILT_PRODUCTS_DIR)/NewsFeed-iOS.app/NewsFeed-iOS";
			};
			name = Release;
		};
		3D31A69227D383DB00DA3489 /* Debug */ = {
			isa = XCBuildConfiguration;
			buildSettings = {
				ALWAYS_EMBED_SWIFT_STANDARD_LIBRARIES = YES;
				CODE_SIGN_STYLE = Automatic;
				INFOPLIST_FILE = "NewsFeed-iOSUITests/Info.plist";
				LD_RUNPATH_SEARCH_PATHS = (
					"$(inherited)",
					"@executable_path/Frameworks",
					"@loader_path/Frameworks",
				);
				PRODUCT_BUNDLE_IDENTIFIER = "com.nl.newsfeed.NewsFeed-iOSUITests";
				PRODUCT_NAME = "$(TARGET_NAME)";
				SWIFT_VERSION = 5.0;
				TARGETED_DEVICE_FAMILY = "1,2";
				TEST_TARGET_NAME = "NewsFeed-iOS";
			};
			name = Debug;
		};
		3D31A69327D383DB00DA3489 /* Release */ = {
			isa = XCBuildConfiguration;
			buildSettings = {
				ALWAYS_EMBED_SWIFT_STANDARD_LIBRARIES = YES;
				CODE_SIGN_STYLE = Automatic;
				INFOPLIST_FILE = "NewsFeed-iOSUITests/Info.plist";
				LD_RUNPATH_SEARCH_PATHS = (
					"$(inherited)",
					"@executable_path/Frameworks",
					"@loader_path/Frameworks",
				);
				PRODUCT_BUNDLE_IDENTIFIER = "com.nl.newsfeed.NewsFeed-iOSUITests";
				PRODUCT_NAME = "$(TARGET_NAME)";
				SWIFT_VERSION = 5.0;
				TARGETED_DEVICE_FAMILY = "1,2";
				TEST_TARGET_NAME = "NewsFeed-iOS";
			};
			name = Release;
		};
/* End XCBuildConfiguration section */

/* Begin XCConfigurationList section */
		3D31A65927D383DB00DA3489 /* Build configuration list for PBXProject "NewsFeed-iOS" */ = {
			isa = XCConfigurationList;
			buildConfigurations = (
				3D31A68927D383DB00DA3489 /* Debug */,
				3D31A68A27D383DB00DA3489 /* Release */,
			);
			defaultConfigurationIsVisible = 0;
			defaultConfigurationName = Release;
		};
		3D31A68B27D383DB00DA3489 /* Build configuration list for PBXNativeTarget "NewsFeed-iOS" */ = {
			isa = XCConfigurationList;
			buildConfigurations = (
				3D31A68C27D383DB00DA3489 /* Debug */,
				3D31A68D27D383DB00DA3489 /* Release */,
			);
			defaultConfigurationIsVisible = 0;
			defaultConfigurationName = Release;
		};
		3D31A68E27D383DB00DA3489 /* Build configuration list for PBXNativeTarget "NewsFeed-iOSTests" */ = {
			isa = XCConfigurationList;
			buildConfigurations = (
				3D31A68F27D383DB00DA3489 /* Debug */,
				3D31A69027D383DB00DA3489 /* Release */,
			);
			defaultConfigurationIsVisible = 0;
			defaultConfigurationName = Release;
		};
		3D31A69127D383DB00DA3489 /* Build configuration list for PBXNativeTarget "NewsFeed-iOSUITests" */ = {
			isa = XCConfigurationList;
			buildConfigurations = (
				3D31A69227D383DB00DA3489 /* Debug */,
				3D31A69327D383DB00DA3489 /* Release */,
			);
			defaultConfigurationIsVisible = 0;
			defaultConfigurationName = Release;
		};
/* End XCConfigurationList section */

/* Begin XCVersionGroup section */
		3D31A66A27D383DB00DA3489 /* NewsFeed_iOS.xcdatamodeld */ = {
			isa = XCVersionGroup;
			children = (
				3D31A66B27D383DB00DA3489 /* NewsFeed_iOS.xcdatamodel */,
			);
			currentVersion = 3D31A66B27D383DB00DA3489 /* NewsFeed_iOS.xcdatamodel */;
			path = NewsFeed_iOS.xcdatamodeld;
			sourceTree = "<group>";
			versionGroupType = wrapper.xcdatamodel;
		};
/* End XCVersionGroup section */
	};
	rootObject = 3D31A65627D383DB00DA3489 /* Project object */;
}
